Microsoft Visual Studio Solution File, Format Version 12.00
# Visual Studio Version 17
VisualStudioVersion = 17.5.2.0
MinimumVisualStudioVersion = 10.0.40219.1
Project("{FAE04EC0-301F-11D3-BF4B-00C04F79EFBC}") = "1_Application", "1_Application.csproj", "{945EF8DB-2F7C-4F7F-3FA4-8B93FE029263}"
EndProject
Global
	GlobalSection(SolutionConfigurationPlatforms) = preSolution
		Debug|Any CPU = Debug|Any CPU
		Release|Any CPU = Release|Any CPU
	EndGlobalSection
	GlobalSection(ProjectConfigurationPlatforms) = postSolution
		{945EF8DB-2F7C-4F7F-3FA4-8B93FE029263}.Debug|Any CPU.ActiveCfg = Debug|Any CPU
		{945EF8DB-2F7C-4F7F-3FA4-8B93FE029263}.Debug|Any CPU.Build.0 = Debug|Any CPU
		{945EF8DB-2F7C-4F7F-3FA4-8B93FE029263}.Release|Any CPU.ActiveCfg = Release|Any CPU
		{945EF8DB-2F7C-4F7F-3FA4-8B93FE029263}.Release|Any CPU.Build.0 = Release|Any CPU
	EndGlobalSection
	GlobalSection(SolutionProperties) = preSolution
		HideSolutionNode = FALSE
	EndGlobalSection
	GlobalSection(ExtensibilityGlobals) = postSolution
		SolutionGuid = {D10DC603-81C7-4720-90BC-C7BEDA401408}
	EndGlobalSection
EndGlobal
